
Microsoft Visual Studio Solution File, Format Version 12.00
# Visual Studio Version 16
VisualStudioVersion = 16.0.30907.101
MinimumVisualStudioVersion = 10.0.40219.1
Project("{FAE04EC0-301F-11D3-BF4B-00C04F79EFBC}") = "APP5_Janelas", "APP5_Janelas\APP5_Janelas.csproj", "{91EF08F4-1AA7-4EC9-9EB9-04165A15E8EF}"
EndProject
Global
	GlobalSection(SolutionConfigurationPlatforms) = preSolution
		Debug|Any CPU = Debug|Any CPU
		Release|Any CPU = Release|Any CPU
	EndGlobalSection
	GlobalSection(ProjectConfigurationPlatforms) = postSolution
		{91EF08F4-1AA7-4EC9-9EB9-04165A15E8EF}.Debug|Any CPU.ActiveCfg = Debug|Any CPU
		{91EF08F4-1AA7-4EC9-9EB9-04165A15E8EF}.Debug|Any CPU.Build.0 = Debug|Any CPU
		{91EF08F4-1AA7-4EC9-9EB9-04165A15E8EF}.Release|Any CPU.ActiveCfg = Release|Any CPU
		{91EF08F4-1AA7-4EC9-9EB9-04165A15E8EF}.Release|Any CPU.Build.0 = Release|Any CPU
	EndGlobalSection
	GlobalSection(SolutionProperties) = preSolution
		HideSolutionNode = FALSE
	EndGlobalSection
	GlobalSection(ExtensibilityGlobals) = postSolution
		SolutionGuid = {B617B37B-49CB-45C0-80C5-2BE6D84FBB0E}
	EndGlobalSection
EndGlobal
