
Microsoft Visual Studio Solution File, Format Version 12.00
# Visual Studio Version 16
VisualStudioVersion = 16.0.30907.101
MinimumVisualStudioVersion = 10.0.40219.1
Project("{FAE04EC0-301F-11D3-BF4B-00C04F79EFBC}") = "RichTextBox", "RichTextBox\RichTextBox.csproj", "{A5A70412-0000-483B-9563-AB0557386754}"
EndProject
Global
	GlobalSection(SolutionConfigurationPlatforms) = preSolution
		Debug|Any CPU = Debug|Any CPU
		Release|Any CPU = Release|Any CPU
	EndGlobalSection
	GlobalSection(ProjectConfigurationPlatforms) = postSolution
		{A5A70412-0000-483B-9563-AB0557386754}.Debug|Any CPU.ActiveCfg = Debug|Any CPU
		{A5A70412-0000-483B-9563-AB0557386754}.Debug|Any CPU.Build.0 = Debug|Any CPU
		{A5A70412-0000-483B-9563-AB0557386754}.Release|Any CPU.ActiveCfg = Release|Any CPU
		{A5A70412-0000-483B-9563-AB0557386754}.Release|Any CPU.Build.0 = Release|Any CPU
	EndGlobalSection
	GlobalSection(SolutionProperties) = preSolution
		HideSolutionNode = FALSE
	EndGlobalSection
	GlobalSection(ExtensibilityGlobals) = postSolution
		SolutionGuid = {DA8CC6E1-5B61-45CD-B907-D00710E323F9}
	EndGlobalSection
EndGlobal
