
Microsoft Visual Studio Solution File, Format Version 12.00
# Visual Studio Version 16
VisualStudioVersion = 16.0.30907.101
MinimumVisualStudioVersion = 10.0.40219.1
Project("{FAE04EC0-301F-11D3-BF4B-00C04F79EFBC}") = "ListView_ListBox", "ListView_ListBox\ListView_ListBox.csproj", "{8552807C-3436-49C2-A145-1757D1909CE5}"
EndProject
Global
	GlobalSection(SolutionConfigurationPlatforms) = preSolution
		Debug|Any CPU = Debug|Any CPU
		Release|Any CPU = Release|Any CPU
	EndGlobalSection
	GlobalSection(ProjectConfigurationPlatforms) = postSolution
		{8552807C-3436-49C2-A145-1757D1909CE5}.Debug|Any CPU.ActiveCfg = Debug|Any CPU
		{8552807C-3436-49C2-A145-1757D1909CE5}.Debug|Any CPU.Build.0 = Debug|Any CPU
		{8552807C-3436-49C2-A145-1757D1909CE5}.Release|Any CPU.ActiveCfg = Release|Any CPU
		{8552807C-3436-49C2-A145-1757D1909CE5}.Release|Any CPU.Build.0 = Release|Any CPU
	EndGlobalSection
	GlobalSection(SolutionProperties) = preSolution
		HideSolutionNode = FALSE
	EndGlobalSection
	GlobalSection(ExtensibilityGlobals) = postSolution
		SolutionGuid = {DEC2D672-CEA7-4908-AF4E-6F71955ADB89}
	EndGlobalSection
EndGlobal
