
Microsoft Visual Studio Solution File, Format Version 12.00
# Visual Studio Version 16
VisualStudioVersion = 16.0.30907.101
MinimumVisualStudioVersion = 10.0.40219.1
Project("{FAE04EC0-301F-11D3-BF4B-00C04F79EFBC}") = "WebBrowser", "WebBrowser\WebBrowser.csproj", "{EA22D2A2-52B7-4939-A19F-2E6AEFFD7EFC}"
EndProject
Global
	GlobalSection(SolutionConfigurationPlatforms) = preSolution
		Debug|Any CPU = Debug|Any CPU
		Release|Any CPU = Release|Any CPU
	EndGlobalSection
	GlobalSection(ProjectConfigurationPlatforms) = postSolution
		{EA22D2A2-52B7-4939-A19F-2E6AEFFD7EFC}.Debug|Any CPU.ActiveCfg = Debug|Any CPU
		{EA22D2A2-52B7-4939-A19F-2E6AEFFD7EFC}.Debug|Any CPU.Build.0 = Debug|Any CPU
		{EA22D2A2-52B7-4939-A19F-2E6AEFFD7EFC}.Release|Any CPU.ActiveCfg = Release|Any CPU
		{EA22D2A2-52B7-4939-A19F-2E6AEFFD7EFC}.Release|Any CPU.Build.0 = Release|Any CPU
	EndGlobalSection
	GlobalSection(SolutionProperties) = preSolution
		HideSolutionNode = FALSE
	EndGlobalSection
	GlobalSection(ExtensibilityGlobals) = postSolution
		SolutionGuid = {6D637077-ADF8-4FE4-AD9B-BDE142D2D7A1}
	EndGlobalSection
EndGlobal
